// !$*UTF8*$!
{
	archiveVersion = 1;
	classes = {
	};
	objectVersion = 50;
	objects = {

/* Begin PBXBuildFile section */
		82C1C2942439FBDA00691E56 /* AppDelegate.swift in Sources */ = {isa = PBXBuildFile; fileRef = 82C1C2932439FBDA00691E56 /* AppDelegate.swift */; };
		82C1C2962439FBDA00691E56 /* SceneDelegate.swift in Sources */ = {isa = PBXBuildFile; fileRef = 82C1C2952439FBDA00691E56 /* SceneDelegate.swift */; };
		82C1C2982439FBDA00691E56 /* ViewController.swift in Sources */ = {isa = PBXBuildFile; fileRef = 82C1C2972439FBDA00691E56 /* ViewController.swift */; };
		82C1C29B2439FBDA00691E56 /* Main.storyboard in Resources */ = {isa = PBXBuildFile; fileRef = 82C1C2992439FBDA00691E56 /* Main.storyboard */; };
		82C1C29E2439FBDA00691E56 /* Data_Storage.xcdatamodeld in Sources */ = {isa = PBXBuildFile; fileRef = 82C1C29C2439FBDA00691E56 /* Data_Storage.xcdatamodeld */; };
		82C1C2A02439FBDC00691E56 /* Assets.xcassets in Resources */ = {isa = PBXBuildFile; fileRef = 82C1C29F2439FBDC00691E56 /* Assets.xcassets */; };
		82C1C2A32439FBDC00691E56 /* LaunchScreen.storyboard in Resources */ = {isa = PBXBuildFile; fileRef = 82C1C2A12439FBDC00691E56 /* LaunchScreen.storyboard */; };
		82C1C2AE2439FBDC00691E56 /* Data_StorageTests.swift in Sources */ = {isa = PBXBuildFile; fileRef = 82C1C2AD2439FBDC00691E56 /* Data_StorageTests.swift */; };
		82C1C2B92439FBDC00691E56 /* Data_StorageUITests.swift in Sources */ = {isa = PBXBuildFile; fileRef = 82C1C2B82439FBDC00691E56 /* Data_StorageUITests.swift */; };
/* End PBXBuildFile section */

/* Begin PBXContainerItemProxy section */
		82C1C2AA2439FBDC00691E56 /* PBXContainerItemProxy */ = {
			isa = PBXContainerItemProxy;
			containerPortal = 82C1C2882439FBDA00691E56 /* Project object */;
			proxyType = 1;
			remoteGlobalIDString = 82C1C28F2439FBDA00691E56;
			remoteInfo = "Data Storage";
		};
		82C1C2B52439FBDC00691E56 /* PBXContainerItemProxy */ = {
			isa = PBXContainerItemProxy;
			containerPortal = 82C1C2882439FBDA00691E56 /* Project object */;
			proxyType = 1;
			remoteGlobalIDString = 82C1C28F2439FBDA00691E56;
			remoteInfo = "Data Storage";
		};
/* End PBXContainerItemProxy section */

/* Begin PBXFileReference section */
		82C1C2902439FBDA00691E56 /* Data Storage.app */ = {isa = PBXFileReference; explicitFileType = wrapper.application; includeInIndex = 0; path = "Data Storage.app"; sourceTree = BUILT_PRODUCTS_DIR; };
		82C1C2932439FBDA00691E56 /* AppDelegate.swift */ = {isa = PBXFileReference; lastKnownFileType = sourcecode.swift; path = AppDelegate.swift; sourceTree = "<group>"; };
		82C1C2952439FBDA00691E56 /* SceneDelegate.swift */ = {isa = PBXFileReference; lastKnownFileType = sourcecode.swift; path = SceneDelegate.swift; sourceTree = "<group>"; };
		82C1C2972439FBDA00691E56 /* ViewController.swift */ = {isa = PBXFileReference; lastKnownFileType = sourcecode.swift; path = ViewController.swift; sourceTree = "<group>"; };
		82C1C29A2439FBDA00691E56 /* Base */ = {isa = PBXFileReference; lastKnownFileType = file.storyboard; name = Base; path = Base.lproj/Main.storyboard; sourceTree = "<group>"; };
		82C1C29D2439FBDA00691E56 /* Data_Storage.xcdatamodel */ = {isa = PBXFileReference; lastKnownFileType = wrapper.xcdatamodel; path = Data_Storage.xcdatamodel; sourceTree = "<group>"; };
		82C1C29F2439FBDC00691E56 /* Assets.xcassets */ = {isa = PBXFileReference; lastKnownFileType = folder.assetcatalog; path = Assets.xcassets; sourceTree = "<group>"; };
		82C1C2A22439FBDC00691E56 /* Base */ = {isa = PBXFileReference; lastKnownFileType = file.storyboard; name = Base; path = Base.lproj/LaunchScreen.storyboard; sourceTree = "<group>"; };
		82C1C2A42439FBDC00691E56 /* Info.plist */ = {isa = PBXFileReference; lastKnownFileType = text.plist.xml; path = Info.plist; sourceTree = "<group>"; };
		82C1C2A92439FBDC00691E56 /* Data StorageTests.xctest */ = {isa = PBXFileReference; explicitFileType = wrapper.cfbundle; includeInIndex = 0; path = "Data StorageTests.xctest"; sourceTree = BUILT_PRODUCTS_DIR; };
		82C1C2AD2439FBDC00691E56 /* Data_StorageTests.swift */ = {isa = PBXFileReference; lastKnownFileType = sourcecode.swift; path = Data_StorageTests.swift; sourceTree = "<group>"; };
		82C1C2AF2439FBDC00691E56 /* Info.plist */ = {isa = PBXFileReference; lastKnownFileType = text.plist.xml; path = Info.plist; sourceTree = "<group>"; };
		82C1C2B42439FBDC00691E56 /* Data StorageUITests.xctest */ = {isa = PBXFileReference; explicitFileType = wrapper.cfbundle; includeInIndex = 0; path = "Data StorageUITests.xctest"; sourceTree = BUILT_PRODUCTS_DIR; };
		82C1C2B82439FBDC00691E56 /* Data_StorageUITests.swift */ = {isa = PBXFileReference; lastKnownFileType = sourcecode.swift; path = Data_StorageUITests.swift; sourceTree = "<group>"; };
		82C1C2BA2439FBDC00691E56 /* Info.plist */ = {isa = PBXFileReference; lastKnownFileType = text.plist.xml; path = Info.plist; sourceTree = "<group>"; };
/* End PBXFileReference section */

/* Begin PBXFrameworksBuildPhase section */
		82C1C28D2439FBDA00691E56 /* Frameworks */ = {
			isa = PBXFrameworksBuildPhase;
			buildActionMask = 2147483647;
			files = (
			);
			runOnlyForDeploymentPostprocessing = 0;
		};
		82C1C2A62439FBDC00691E56 /* Frameworks */ = {
			isa = PBXFrameworksBuildPhase;
			buildActionMask = 2147483647;
			files = (
			);
			runOnlyForDeploymentPostprocessing = 0;
		};
		82C1C2B12439FBDC00691E56 /* Frameworks */ = {
			isa = PBXFrameworksBuildPhase;
			buildActionMask = 2147483647;
			files = (
			);
			runOnlyForDeploymentPostprocessing = 0;
		};
/* End PBXFrameworksBuildPhase section */

/* Begin PBXGroup section */
		82C1C2872439FBDA00691E56 = {
			isa = PBXGroup;
			children = (
				82C1C2922439FBDA00691E56 /* Data Storage */,
				82C1C2AC2439FBDC00691E56 /* Data StorageTests */,
				82C1C2B72439FBDC00691E56 /* Data StorageUITests */,
				82C1C2912439FBDA00691E56 /* Products */,
			);
			sourceTree = "<group>";
		};
		82C1C2912439FBDA00691E56 /* Products */ = {
			isa = PBXGroup;
			children = (
				82C1C2902439FBDA00691E56 /* Data Storage.app */,
				82C1C2A92439FBDC00691E56 /* Data StorageTests.xctest */,
				82C1C2B42439FBDC00691E56 /* Data StorageUITests.xctest */,
			);
			name = Products;
			sourceTree = "<group>";
		};
		82C1C2922439FBDA00691E56 /* Data Storage */ = {
			isa = PBXGroup;
			children = (
				82C1C2932439FBDA00691E56 /* AppDelegate.swift */,
				82C1C2952439FBDA00691E56 /* SceneDelegate.swift */,
				82C1C2972439FBDA00691E56 /* ViewController.swift */,
				82C1C2992439FBDA00691E56 /* Main.storyboard */,
				82C1C29F2439FBDC00691E56 /* Assets.xcassets */,
				82C1C2A12439FBDC00691E56 /* LaunchScreen.storyboard */,
				82C1C2A42439FBDC00691E56 /* Info.plist */,
				82C1C29C2439FBDA00691E56 /* Data_Storage.xcdatamodeld */,
			);
			path = "Data Storage";
			sourceTree = "<group>";
		};
		82C1C2AC2439FBDC00691E56 /* Data StorageTests */ = {
			isa = PBXGroup;
			children = (
				82C1C2AD2439FBDC00691E56 /* Data_StorageTests.swift */,
				82C1C2AF2439FBDC00691E56 /* Info.plist */,
			);
			path = "Data StorageTests";
			sourceTree = "<group>";
		};
		82C1C2B72439FBDC00691E56 /* Data StorageUITests */ = {
			isa = PBXGroup;
			children = (
				82C1C2B82439FBDC00691E56 /* Data_StorageUITests.swift */,
				82C1C2BA2439FBDC00691E56 /* Info.plist */,
			);
			path = "Data StorageUITests";
			sourceTree = "<group>";
		};
/* End PBXGroup section */

/* Begin PBXNativeTarget section */
		82C1C28F2439FBDA00691E56 /* Data Storage */ = {
			isa = PBXNativeTarget;
			buildConfigurationList = 82C1C2BD2439FBDC00691E56 /* Build configuration list for PBXNativeTarget "Data Storage" */;
			buildPhases = (
				82C1C28C2439FBDA00691E56 /* Sources */,
				82C1C28D2439FBDA00691E56 /* Frameworks */,
				82C1C28E2439FBDA00691E56 /* Resources */,
			);
			buildRules = (
			);
			dependencies = (
			);
			name = "Data Storage";
			productName = "Data Storage";
			productReference = 82C1C2902439FBDA00691E56 /* Data Storage.app */;
			productType = "com.apple.product-type.application";
		};
		82C1C2A82439FBDC00691E56 /* Data StorageTests */ = {
			isa = PBXNativeTarget;
			buildConfigurationList = 82C1C2C02439FBDC00691E56 /* Build configuration list for PBXNativeTarget "Data StorageTests" */;
			buildPhases = (
				82C1C2A52439FBDC00691E56 /* Sources */,
				82C1C2A62439FBDC00691E56 /* Frameworks */,
				82C1C2A72439FBDC00691E56 /* Resources */,
			);
			buildRules = (
			);
			dependencies = (
				82C1C2AB2439FBDC00691E56 /* PBXTargetDependency */,
			);
			name = "Data StorageTests";
			productName = "Data StorageTests";
			productReference = 82C1C2A92439FBDC00691E56 /* Data StorageTests.xctest */;
			productType = "com.apple.product-type.bundle.unit-test";
		};
		82C1C2B32439FBDC00691E56 /* Data StorageUITests */ = {
			isa = PBXNativeTarget;
			buildConfigurationList = 82C1C2C32439FBDC00691E56 /* Build configuration list for PBXNativeTarget "Data StorageUITests" */;
			buildPhases = (
				82C1C2B02439FBDC00691E56 /* Sources */,
				82C1C2B12439FBDC00691E56 /* Frameworks */,
				82C1C2B22439FBDC00691E56 /* Resources */,
			);
			buildRules = (
			);
			dependencies = (
				82C1C2B62439FBDC00691E56 /* PBXTargetDependency */,
			);
			name = "Data StorageUITests";
			productName = "Data StorageUITests";
			productReference = 82C1C2B42439FBDC00691E56 /* Data StorageUITests.xctest */;
			productType = "com.apple.product-type.bundle.ui-testing";
		};
/* End PBXNativeTarget section */

/* Begin PBXProject section */
		82C1C2882439FBDA00691E56 /* Project object */ = {
			isa = PBXProject;
			attributes = {
				LastSwiftUpdateCheck = 1140;
				LastUpgradeCheck = 1140;
				ORGANIZATIONNAME = "Abdulrhman A F  Alomairi";
				TargetAttributes = {
					82C1C28F2439FBDA00691E56 = {
						CreatedOnToolsVersion = 11.4;
					};
					82C1C2A82439FBDC00691E56 = {
						CreatedOnToolsVersion = 11.4;
						TestTargetID = 82C1C28F2439FBDA00691E56;
					};
					82C1C2B32439FBDC00691E56 = {
						CreatedOnToolsVersion = 11.4;
						TestTargetID = 82C1C28F2439FBDA00691E56;
					};
				};
			};
			buildConfigurationList = 82C1C28B2439FBDA00691E56 /* Build configuration list for PBXProject "Data Storage" */;
			compatibilityVersion = "Xcode 9.3";
			developmentRegion = en;
			hasScannedForEncodings = 0;
			knownRegions = (
				en,
				Base,
			);
			mainGroup = 82C1C2872439FBDA00691E56;
			productRefGroup = 82C1C2912439FBDA00691E56 /* Products */;
			projectDirPath = "";
			projectRoot = "";
			targets = (
				82C1C28F2439FBDA00691E56 /* Data Storage */,
				82C1C2A82439FBDC00691E56 /* Data StorageTests */,
				82C1C2B32439FBDC00691E56 /* Data StorageUITests */,
			);
		};
/* End PBXProject section */

/* Begin PBXResourcesBuildPhase section */
		82C1C28E2439FBDA00691E56 /* Resources */ = {
			isa = PBXResourcesBuildPhase;
			buildActionMask = 2147483647;
			files = (
				82C1C2A32439FBDC00691E56 /* LaunchScreen.storyboard in Resources */,
				82C1C2A02439FBDC00691E56 /* Assets.xcassets in Resources */,
				82C1C29B2439FBDA00691E56 /* Main.storyboard in Resources */,
			);
			runOnlyForDeploymentPostprocessing = 0;
		};
		82C1C2A72439FBDC00691E56 /* Resources */ = {
			isa = PBXResourcesBuildPhase;
			buildActionMask = 2147483647;
			files = (
			);
			runOnlyForDeploymentPostprocessing = 0;
		};
		82C1C2B22439FBDC00691E56 /* Resources */ = {
			isa = PBXResourcesBuildPhase;
			buildActionMask = 2147483647;
			files = (
			);
			runOnlyForDeploymentPostprocessing = 0;
		};
/* End PBXResourcesBuildPhase section */

/* Begin PBXSourcesBuildPhase section */
		82C1C28C2439FBDA00691E56 /* Sources */ = {
			isa = PBXSourcesBuildPhase;
			buildActionMask = 2147483647;
			files = (
				82C1C2982439FBDA00691E56 /* ViewController.swift in Sources */,
				82C1C2942439FBDA00691E56 /* AppDelegate.swift in Sources */,
				82C1C2962439FBDA00691E56 /* SceneDelegate.swift in Sources */,
				82C1C29E2439FBDA00691E56 /* Data_Storage.xcdatamodeld in Sources */,
			);
			runOnlyForDeploymentPostprocessing = 0;
		};
		82C1C2A52439FBDC00691E56 /* Sources */ = {
			isa = PBXSourcesBuildPhase;
			buildActionMask = 2147483647;
			files = (
				82C1C2AE2439FBDC00691E56 /* Data_StorageTests.swift in Sources */,
			);
			runOnlyForDeploymentPostprocessing = 0;
		};
		82C1C2B02439FBDC00691E56 /* Sources */ = {
			isa = PBXSourcesBuildPhase;
			buildActionMask = 2147483647;
			files = (
				82C1C2B92439FBDC00691E56 /* Data_StorageUITests.swift in Sources */,
			);
			runOnlyForDeploymentPostprocessing = 0;
		};
/* End PBXSourcesBuildPhase section */

/* Begin PBXTargetDependency section */
		82C1C2AB2439FBDC00691E56 /* PBXTargetDependency */ = {
			isa = PBXTargetDependency;
			target = 82C1C28F2439FBDA00691E56 /* Data Storage */;
			targetProxy = 82C1C2AA2439FBDC00691E56 /* PBXContainerItemProxy */;
		};
		82C1C2B62439FBDC00691E56 /* PBXTargetDependency */ = {
			isa = PBXTargetDependency;
			target = 82C1C28F2439FBDA00691E56 /* Data Storage */;
			targetProxy = 82C1C2B52439FBDC00691E56 /* PBXContainerItemProxy */;
		};
/* End PBXTargetDependency section */

/* Begin PBXVariantGroup section */
		82C1C2992439FBDA00691E56 /* Main.storyboard */ = {
			isa = PBXVariantGroup;
			children = (
				82C1C29A2439FBDA00691E56 /* Base */,
			);
			name = Main.storyboard;
			sourceTree = "<group>";
		};
		82C1C2A12439FBDC00691E56 /* LaunchScreen.storyboard */ = {
			isa = PBXVariantGroup;
			children = (
				82C1C2A22439FBDC00691E56 /* Base */,
			);
			name = LaunchScreen.storyboard;
			sourceTree = "<group>";
		};
/* End PBXVariantGroup section */

/* Begin XCBuildConfiguration section */
		82C1C2BB2439FBDC00691E56 /* Debug */ = {
			isa = XCBuildConfiguration;
			buildSettings = {
				ALWAYS_SEARCH_USER_PATHS = NO;
				CLANG_ANALYZER_NONNULL = YES;
				CLANG_ANALYZER_NUMBER_OBJECT_CONVERSION = YES_AGGRESSIVE;
				CLANG_CXX_LANGUAGE_STANDARD = "gnu++14";
				CLANG_CXX_LIBRARY = "libc++";
				CLANG_ENABLE_MODULES = YES;
				CLANG_ENABLE_OBJC_ARC = YES;
				CLANG_ENABLE_OBJC_WEAK = YES;
				CLANG_WARN_BLOCK_CAPTURE_AUTORELEASING = YES;
				CLANG_WARN_BOOL_CONVERSION = YES;
				CLANG_WARN_COMMA = YES;
				CLANG_WARN_CONSTANT_CONVERSION = YES;
				CLANG_WARN_DEPRECATED_OBJC_IMPLEMENTATIONS = YES;
				CLANG_WARN_DIRECT_OBJC_ISA_USAGE = YES_ERROR;
				CLANG_WARN_DOCUMENTATION_COMMENTS = YES;
				CLANG_WARN_EMPTY_BODY = YES;
				CLANG_WARN_ENUM_CONVERSION = YES;
				CLANG_WARN_INFINITE_RECURSION = YES;
				CLANG_WARN_INT_CONVERSION = YES;
				CLANG_WARN_NON_LITERAL_NULL_CONVERSION = YES;
				CLANG_WARN_OBJC_IMPLICIT_RETAIN_SELF = YES;
				CLANG_WARN_OBJC_LITERAL_CONVERSION = YES;
				CLANG_WARN_OBJC_ROOT_CLASS = YES_ERROR;
				CLANG_WARN_RANGE_LOOP_ANALYSIS = YES;
				CLANG_WARN_STRICT_PROTOTYPES = YES;
				CLANG_WARN_SUSPICIOUS_MOVE = YES;
				CLANG_WARN_UNGUARDED_AVAILABILITY = YES_AGGRESSIVE;
				CLANG_WARN_UNREACHABLE_CODE = YES;
				CLANG_WARN__DUPLICATE_METHOD_MATCH = YES;
				COPY_PHASE_STRIP = NO;
				DEBUG_INFORMATION_FORMAT = dwarf;
				ENABLE_STRICT_OBJC_MSGSEND = YES;
				ENABLE_TESTABILITY = YES;
				GCC_C_LANGUAGE_STANDARD = gnu11;
				GCC_DYNAMIC_NO_PIC = NO;
				GCC_NO_COMMON_BLOCKS = YES;
				GCC_OPTIMIZATION_LEVEL = 0;
				GCC_PREPROCESSOR_DEFINITIONS = (
					"DEBUG=1",
					"$(inherited)",
				);
				GCC_WARN_64_TO_32_BIT_CONVERSION = YES;
				GCC_WARN_ABOUT_RETURN_TYPE = YES_ERROR;
				GCC_WARN_UNDECLARED_SELECTOR = YES;
				GCC_WARN_UNINITIALIZED_AUTOS = YES_AGGRESSIVE;
				GCC_WARN_UNUSED_FUNCTION = YES;
				GCC_WARN_UNUSED_VARIABLE = YES;
				IPHONEOS_DEPLOYMENT_TARGET = 13.4;
				MTL_ENABLE_DEBUG_INFO = INCLUDE_SOURCE;
				MTL_FAST_MATH = YES;
				ONLY_ACTIVE_ARCH = YES;
				SDKROOT = iphoneos;
				SWIFT_ACTIVE_COMPILATION_CONDITIONS = DEBUG;
				SWIFT_OPTIMIZATION_LEVEL = "-Onone";
			};
			name = Debug;
		};
		82C1C2BC2439FBDC00691E56 /* Release */ = {
			isa = XCBuildConfiguration;
			buildSettings = {
				ALWAYS_SEARCH_USER_PATHS = NO;
				CLANG_ANALYZER_NONNULL = YES;
				CLANG_ANALYZER_NUMBER_OBJECT_CONVERSION = YES_AGGRESSIVE;
				CLANG_CXX_LANGUAGE_STANDARD = "gnu++14";
				CLANG_CXX_LIBRARY = "libc++";
				CLANG_ENABLE_MODULES = YES;
				CLANG_ENABLE_OBJC_ARC = YES;
				CLANG_ENABLE_OBJC_WEAK = YES;
				CLANG_WARN_BLOCK_CAPTURE_AUTORELEASING = YES;
				CLANG_WARN_BOOL_CONVERSION = YES;
				CLANG_WARN_COMMA = YES;
				CLANG_WARN_CONSTANT_CONVERSION = YES;
				CLANG_WARN_DEPRECATED_OBJC_IMPLEMENTATIONS = YES;
				CLANG_WARN_DIRECT_OBJC_ISA_USAGE = YES_ERROR;
				CLANG_WARN_DOCUMENTATION_COMMENTS = YES;
				CLANG_WARN_EMPTY_BODY = YES;
				CLANG_WARN_ENUM_CONVERSION = YES;
				CLANG_WARN_INFINITE_RECURSION = YES;
				CLANG_WARN_INT_CONVERSION = YES;
				CLANG_WARN_NON_LITERAL_NULL_CONVERSION = YES;
				CLANG_WARN_OBJC_IMPLICIT_RETAIN_SELF = YES;
				CLANG_WARN_OBJC_LITERAL_CONVERSION = YES;
				CLANG_WARN_OBJC_ROOT_CLASS = YES_ERROR;
				CLANG_WARN_RANGE_LOOP_ANALYSIS = YES;
				CLANG_WARN_STRICT_PROTOTYPES = YES;
				CLANG_WARN_SUSPICIOUS_MOVE = YES;
				CLANG_WARN_UNGUARDED_AVAILABILITY = YES_AGGRESSIVE;
				CLANG_WARN_UNREACHABLE_CODE = YES;
				CLANG_WARN__DUPLICATE_METHOD_MATCH = YES;
				COPY_PHASE_STRIP = NO;
				DEBUG_INFORMATION_FORMAT = "dwarf-with-dsym";
				ENABLE_NS_ASSERTIONS = NO;
				ENABLE_STRICT_OBJC_MSGSEND = YES;
				GCC_C_LANGUAGE_STANDARD = gnu11;
				GCC_NO_COMMON_BLOCKS = YES;
				GCC_WARN_64_TO_32_BIT_CONVERSION = YES;
				GCC_WARN_ABOUT_RETURN_TYPE = YES_ERROR;
				GCC_WARN_UNDECLARED_SELECTOR = YES;
				GCC_WARN_UNINITIALIZED_AUTOS = YES_AGGRESSIVE;
				GCC_WARN_UNUSED_FUNCTION = YES;
				GCC_WARN_UNUSED_VARIABLE = YES;
				IPHONEOS_DEPLOYMENT_TARGET = 13.4;
				MTL_ENABLE_DEBUG_INFO = NO;
				MTL_FAST_MATH = YES;
				SDKROOT = iphoneos;
				SWIFT_COMPILATION_MODE = wholemodule;
				SWIFT_OPTIMIZATION_LEVEL = "-O";
				VALIDATE_PRODUCT = YES;
			};
			name = Release;
		};
		82C1C2BE2439FBDC00691E56 /* Debug */ = {
			isa = XCBuildConfiguration;
			buildSettings = {
				ASSETCATALOG_COMPILER_APPICON_NAME = AppIcon;
				CODE_SIGN_STYLE = Automatic;
				DEVELOPMENT_TEAM = 63P5DU942F;
				INFOPLIST_FILE = "Data Storage/Info.plist";
				LD_RUNPATH_SEARCH_PATHS = (
					"$(inherited)",
					"@executable_path/Frameworks",
				);
				PRODUCT_BUNDLE_IDENTIFIER = "masterbest.net.Data-Storage";
				PRODUCT_NAME = "$(TARGET_NAME)";
				SWIFT_VERSION = 5.0;
				TARGETED_DEVICE_FAMILY = "1,2";
			};
			name = Debug;
		};
		82C1C2BF2439FBDC00691E56 /* Release */ = {
			isa = XCBuildConfiguration;
			buildSettings = {
				ASSETCATALOG_COMPILER_APPICON_NAME = AppIcon;
				CODE_SIGN_STYLE = Automatic;
				DEVELOPMENT_TEAM = 63P5DU942F;
				INFOPLIST_FILE = "Data Storage/Info.plist";
				LD_RUNPATH_SEARCH_PATHS = (
					"$(inherited)",
					"@executable_path/Frameworks",
				);
				PRODUCT_BUNDLE_IDENTIFIER = "masterbest.net.Data-Storage";
				PRODUCT_NAME = "$(TARGET_NAME)";
				SWIFT_VERSION = 5.0;
				TARGETED_DEVICE_FAMILY = "1,2";
			};
			name = Release;
		};
		82C1C2C12439FBDC00691E56 /* Debug */ = {
			isa = XCBuildConfiguration;
			buildSettings = {
				ALWAYS_EMBED_SWIFT_STANDARD_LIBRARIES = YES;
				BUNDLE_LOADER = "$(TEST_HOST)";
				CODE_SIGN_STYLE = Automatic;
				DEVELOPMENT_TEAM = 63P5DU942F;
				INFOPLIST_FILE = "Data StorageTests/Info.plist";
				IPHONEOS_DEPLOYMENT_TARGET = 13.4;
				LD_RUNPATH_SEARCH_PATHS = (
					"$(inherited)",
					"@executable_path/Frameworks",
					"@loader_path/Frameworks",
				);
				PRODUCT_BUNDLE_IDENTIFIER = "masterbest.net.Data-StorageTests";
				PRODUCT_NAME = "$(TARGET_NAME)";
				SWIFT_VERSION = 5.0;
				TARGETED_DEVICE_FAMILY = "1,2";
				TEST_HOST = "$(BUILT_PRODUCTS_DIR)/Data Storage.app/Data Storage";
			};
			name = Debug;
		};
		82C1C2C22439FBDC00691E56 /* Release */ = {
			isa = XCBuildConfiguration;
			buildSettings = {
				ALWAYS_EMBED_SWIFT_STANDARD_LIBRARIES = YES;
				BUNDLE_LOADER = "$(TEST_HOST)";
				CODE_SIGN_STYLE = Automatic;
				DEVELOPMENT_TEAM = 63P5DU942F;
				INFOPLIST_FILE = "Data StorageTests/Info.plist";
				IPHONEOS_DEPLOYMENT_TARGET = 13.4;
				LD_RUNPATH_SEARCH_PATHS = (
					"$(inherited)",
					"@executable_path/Frameworks",
					"@loader_path/Frameworks",
				);
				PRODUCT_BUNDLE_IDENTIFIER = "masterbest.net.Data-StorageTests";
				PRODUCT_NAME = "$(TARGET_NAME)";
				SWIFT_VERSION = 5.0;
				TARGETED_DEVICE_FAMILY = "1,2";
				TEST_HOST = "$(BUILT_PRODUCTS_DIR)/Data Storage.app/Data Storage";
			};
			name = Release;
		};
		82C1C2C42439FBDC00691E56 /* Debug */ = {
			isa = XCBuildConfiguration;
			buildSettings = {
				ALWAYS_EMBED_SWIFT_STANDARD_LIBRARIES = YES;
				CODE_SIGN_STYLE = Automatic;
				DEVELOPMENT_TEAM = 63P5DU942F;
				INFOPLIST_FILE = "Data StorageUITests/Info.plist";
				LD_RUNPATH_SEARCH_PATHS = (
					"$(inherited)",
					"@executable_path/Frameworks",
					"@loader_path/Frameworks",
				);
				PRODUCT_BUNDLE_IDENTIFIER = "masterbest.net.Data-StorageUITests";
				PRODUCT_NAME = "$(TARGET_NAME)";
				SWIFT_VERSION = 5.0;
				TARGETED_DEVICE_FAMILY = "1,2";
				TEST_TARGET_NAME = "Data Storage";
			};
			name = Debug;
		};
		82C1C2C52439FBDC00691E56 /* Release */ = {
			isa = XCBuildConfiguration;
			buildSettings = {
				ALWAYS_EMBED_SWIFT_STANDARD_LIBRARIES = YES;
				CODE_SIGN_STYLE = Automatic;
				DEVELOPMENT_TEAM = 63P5DU942F;
				INFOPLIST_FILE = "Data StorageUITests/Info.plist";
				LD_RUNPATH_SEARCH_PATHS = (
					"$(inherited)",
					"@executable_path/Frameworks",
					"@loader_path/Frameworks",
				);
				PRODUCT_BUNDLE_IDENTIFIER = "masterbest.net.Data-StorageUITests";
				PRODUCT_NAME = "$(TARGET_NAME)";
				SWIFT_VERSION = 5.0;
				TARGETED_DEVICE_FAMILY = "1,2";
				TEST_TARGET_NAME = "Data Storage";
			};
			name = Release;
		};
/* End XCBuildConfiguration section */

/* Begin XCConfigurationList section */
		82C1C28B2439FBDA00691E56 /* Build configuration list for PBXProject "Data Storage" */ = {
			isa = XCConfigurationList;
			buildConfigurations = (
				82C1C2BB2439FBDC00691E56 /* Debug */,
				82C1C2BC2439FBDC00691E56 /* Release */,
			);
			defaultConfigurationIsVisible = 0;
			defaultConfigurationName = Release;
		};
		82C1C2BD2439FBDC00691E56 /* Build configuration list for PBXNativeTarget "Data Storage" */ = {
			isa = XCConfigurationList;
			buildConfigurations = (
				82C1C2BE2439FBDC00691E56 /* Debug */,
				82C1C2BF2439FBDC00691E56 /* Release */,
			);
			defaultConfigurationIsVisible = 0;
			defaultConfigurationName = Release;
		};
		82C1C2C02439FBDC00691E56 /* Build configuration list for PBXNativeTarget "Data StorageTests" */ = {
			isa = XCConfigurationList;
			buildConfigurations = (
				82C1C2C12439FBDC00691E56 /* Debug */,
				82C1C2C22439FBDC00691E56 /* Release */,
			);
			defaultConfigurationIsVisible = 0;
			defaultConfigurationName = Release;
		};
		82C1C2C32439FBDC00691E56 /* Build configuration list for PBXNativeTarget "Data StorageUITests" */ = {
			isa = XCConfigurationList;
			buildConfigurations = (
				82C1C2C42439FBDC00691E56 /* Debug */,
				82C1C2C52439FBDC00691E56 /* Release */,
			);
			defaultConfigurationIsVisible = 0;
			defaultConfigurationName = Release;
		};
/* End XCConfigurationList section */

/* Begin XCVersionGroup section */
		82C1C29C2439FBDA00691E56 /* Data_Storage.xcdatamodeld */ = {
			isa = XCVersionGroup;
			children = (
				82C1C29D2439FBDA00691E56 /* Data_Storage.xcdatamodel */,
			);
			currentVersion = 82C1C29D2439FBDA00691E56 /* Data_Storage.xcdatamodel */;
			path = Data_Storage.xcdatamodeld;
			sourceTree = "<group>";
			versionGroupType = wrapper.xcdatamodel;
		};
/* End XCVersionGroup section */
	};
	rootObject = 82C1C2882439FBDA00691E56 /* Project object */;
}
